
Microsoft Visual Studio Solution File, Format Version 12.00
# Visual Studio Version 16
VisualStudioVersion = 16.0.30711.63
MinimumVisualStudioVersion = 10.0.40219.1
Project("{9A19103F-16F7-4668-BE54-9A1E7A4F7556}") = "ToyRobot.Console", "src\ToyRobot.Console\ToyRobot.Console.csproj", "{31BA9A86-9774-4CBC-AF19-4434D110DAE5}"
EndProject
Project("{9A19103F-16F7-4668-BE54-9A1E7A4F7556}") = "ToyRobot.Test", "src\ToyRobot.Test\ToyRobot.Test.csproj", "{4A8E3B60-E625-443E-B883-5ACC427CB868}"
EndProject
Project("{9A19103F-16F7-4668-BE54-9A1E7A4F7556}") = "ToyRobot.Model", "src\ToyRobot.Model\ToyRobot.Model.csproj", "{0920FA26-E7AE-46C7-B696-0A10CE02B949}"
EndProject
Project("{9A19103F-16F7-4668-BE54-9A1E7A4F7556}") = "ToyRobot.Service", "src\ToyRobot.Service\ToyRobot.Service.csproj", "{6EC364B1-0BC7-4C25-A006-99AB9C12C765}"
EndProject
Project("{9A19103F-16F7-4668-BE54-9A1E7A4F7556}") = "ToyRobot.Core", "src\ToyRobot.Core\ToyRobot.Core.csproj", "{B32906F9-2BA5-475C-A38E-F7FBC23612C8}"
EndProject
Project("{2150E333-8FDC-42A3-9474-1A3956D46DE8}") = "Solution Items", "Solution Items", "{20AFC30E-63FD-443A-B5A6-E4CAA70E295E}"
	ProjectSection(SolutionItems) = preProject
		README.md = README.md
	EndProjectSection
EndProject
Project("{9A19103F-16F7-4668-BE54-9A1E7A4F7556}") = "ToyRobot.CommandParser", "src\ToyRobot.CommandParser\ToyRobot.CommandParser.csproj", "{5CC0F85D-E8C4-418E-88AB-22A634961AC7}"
EndProject
Project("{FAE04EC0-301F-11D3-BF4B-00C04F79EFBC}") = "ToyRobot.Aspects", "src\ToyRobot.Aspects\ToyRobot.Aspects.csproj", "{8B19EEC8-4803-4019-BD17-5F7D1F17EC63}"
EndProject
Global
	GlobalSection(SolutionConfigurationPlatforms) = preSolution
		Debug|Any CPU = Debug|Any CPU
		Release|Any CPU = Release|Any CPU
	EndGlobalSection
	GlobalSection(ProjectConfigurationPlatforms) = postSolution
		{31BA9A86-9774-4CBC-AF19-4434D110DAE5}.Debug|Any CPU.ActiveCfg = Debug|Any CPU
		{31BA9A86-9774-4CBC-AF19-4434D110DAE5}.Debug|Any CPU.Build.0 = Debug|Any CPU
		{31BA9A86-9774-4CBC-AF19-4434D110DAE5}.Release|Any CPU.ActiveCfg = Release|Any CPU
		{31BA9A86-9774-4CBC-AF19-4434D110DAE5}.Release|Any CPU.Build.0 = Release|Any CPU
		{4A8E3B60-E625-443E-B883-5ACC427CB868}.Debug|Any CPU.ActiveCfg = Debug|Any CPU
		{4A8E3B60-E625-443E-B883-5ACC427CB868}.Debug|Any CPU.Build.0 = Debug|Any CPU
		{4A8E3B60-E625-443E-B883-5ACC427CB868}.Release|Any CPU.ActiveCfg = Release|Any CPU
		{4A8E3B60-E625-443E-B883-5ACC427CB868}.Release|Any CPU.Build.0 = Release|Any CPU
		{0920FA26-E7AE-46C7-B696-0A10CE02B949}.Debug|Any CPU.ActiveCfg = Debug|Any CPU
		{0920FA26-E7AE-46C7-B696-0A10CE02B949}.Debug|Any CPU.Build.0 = Debug|Any CPU
		{0920FA26-E7AE-46C7-B696-0A10CE02B949}.Release|Any CPU.ActiveCfg = Release|Any CPU
		{0920FA26-E7AE-46C7-B696-0A10CE02B949}.Release|Any CPU.Build.0 = Release|Any CPU
		{6EC364B1-0BC7-4C25-A006-99AB9C12C765}.Debug|Any CPU.ActiveCfg = Debug|Any CPU
		{6EC364B1-0BC7-4C25-A006-99AB9C12C765}.Debug|Any CPU.Build.0 = Debug|Any CPU
		{6EC364B1-0BC7-4C25-A006-99AB9C12C765}.Release|Any CPU.ActiveCfg = Release|Any CPU
		{6EC364B1-0BC7-4C25-A006-99AB9C12C765}.Release|Any CPU.Build.0 = Release|Any CPU
		{B32906F9-2BA5-475C-A38E-F7FBC23612C8}.Debug|Any CPU.ActiveCfg = Debug|Any CPU
		{B32906F9-2BA5-475C-A38E-F7FBC23612C8}.Debug|Any CPU.Build.0 = Debug|Any CPU
		{B32906F9-2BA5-475C-A38E-F7FBC23612C8}.Release|Any CPU.ActiveCfg = Release|Any CPU
		{B32906F9-2BA5-475C-A38E-F7FBC23612C8}.Release|Any CPU.Build.0 = Release|Any CPU
		{5CC0F85D-E8C4-418E-88AB-22A634961AC7}.Debug|Any CPU.ActiveCfg = Debug|Any CPU
		{5CC0F85D-E8C4-418E-88AB-22A634961AC7}.Debug|Any CPU.Build.0 = Debug|Any CPU
		{5CC0F85D-E8C4-418E-88AB-22A634961AC7}.Release|Any CPU.ActiveCfg = Release|Any CPU
		{5CC0F85D-E8C4-418E-88AB-22A634961AC7}.Release|Any CPU.Build.0 = Release|Any CPU
		{8B19EEC8-4803-4019-BD17-5F7D1F17EC63}.Debug|Any CPU.ActiveCfg = Debug|Any CPU
		{8B19EEC8-4803-4019-BD17-5F7D1F17EC63}.Debug|Any CPU.Build.0 = Debug|Any CPU
		{8B19EEC8-4803-4019-BD17-5F7D1F17EC63}.Release|Any CPU.ActiveCfg = Release|Any CPU
		{8B19EEC8-4803-4019-BD17-5F7D1F17EC63}.Release|Any CPU.Build.0 = Release|Any CPU
	EndGlobalSection
	GlobalSection(SolutionProperties) = preSolution
		HideSolutionNode = FALSE
	EndGlobalSection
	GlobalSection(ExtensibilityGlobals) = postSolution
		SolutionGuid = {A6495B5A-E5BD-4E2B-BA07-CF7C816BB534}
	EndGlobalSection
EndGlobal
